
Microsoft Visual Studio Solution File, Format Version 12.00
# Visual Studio Version 17
VisualStudioVersion = 17.3.32825.248
MinimumVisualStudioVersion = 10.0.40219.1
Project("{9A19103F-16F7-4668-BE54-9A1E7A4F7556}") = "Shop_Asp", "Shop_Asp.csproj", "{96BD2971-E1A0-4B3C-A4C0-44A4668671CA}"
EndProject
Global
	GlobalSection(SolutionConfigurationPlatforms) = preSolution
		Debug|Any CPU = Debug|Any CPU
		Release|Any CPU = Release|Any CPU
	EndGlobalSection
	GlobalSection(ProjectConfigurationPlatforms) = postSolution
		{96BD2971-E1A0-4B3C-A4C0-44A4668671CA}.Debug|Any CPU.ActiveCfg = Debug|Any CPU
		{96BD2971-E1A0-4B3C-A4C0-44A4668671CA}.Debug|Any CPU.Build.0 = Debug|Any CPU
		{96BD2971-E1A0-4B3C-A4C0-44A4668671CA}.Release|Any CPU.ActiveCfg = Release|Any CPU
		{96BD2971-E1A0-4B3C-A4C0-44A4668671CA}.Release|Any CPU.Build.0 = Release|Any CPU
	EndGlobalSection
	GlobalSection(SolutionProperties) = preSolution
		HideSolutionNode = FALSE
	EndGlobalSection
	GlobalSection(ExtensibilityGlobals) = postSolution
		SolutionGuid = {371E831F-65D2-4BC3-B08D-586527F0EA7D}
	EndGlobalSection
EndGlobal
